// !$*UTF8*$!
{
	archiveVersion = 1;
	classes = {
	};
	objectVersion = 56;
	objects = {

/* Begin PBXBuildFile section */
		697B46DA2A353E9E0097B8EA /* OAuth2TokenStorage.swift in Sources */ = {isa = PBXBuildFile; fileRef = 697B46D92A353E9E0097B8EA /* OAuth2TokenStorage.swift */; };
		69833B202A4E4024004089B4 /* ProfileImageService.swift in Sources */ = {isa = PBXBuildFile; fileRef = 69833B1F2A4E4024004089B4 /* ProfileImageService.swift */; };
		69833B232A4E4088004089B4 /* UserResult.swift in Sources */ = {isa = PBXBuildFile; fileRef = 69833B222A4E4088004089B4 /* UserResult.swift */; };
		69833B252A4F1B37004089B4 /* ExtansionURLSessionURLRequest.swift in Sources */ = {isa = PBXBuildFile; fileRef = 69833B242A4F1B37004089B4 /* ExtansionURLSessionURLRequest.swift */; };
		69B280EE2A12E57200AD7C47 /* SingleImageViewController.swift in Sources */ = {isa = PBXBuildFile; fileRef = 69B280ED2A12E57200AD7C47 /* SingleImageViewController.swift */; };
		69B2AFEA2A2FE997002467A9 /* OAuthTokenResponseBodyAuthTokenResponseBody.swift in Sources */ = {isa = PBXBuildFile; fileRef = 69B2AFE92A2FE997002467A9 /* OAuthTokenResponseBodyAuthTokenResponseBody.swift */; };
		69B2AFEC2A2FEA6C002467A9 /* OAuth2Service.swift in Sources */ = {isa = PBXBuildFile; fileRef = 69B2AFEB2A2FEA6C002467A9 /* OAuth2Service.swift */; };
		69B2AFF52A30C2CA002467A9 /* SplashViewController.swift in Sources */ = {isa = PBXBuildFile; fileRef = 69B2AFF42A30C2CA002467A9 /* SplashViewController.swift */; };
		69B9413D2A04581700E899DE /* ImagesListCell.swift in Sources */ = {isa = PBXBuildFile; fileRef = 69B9413C2A04581700E899DE /* ImagesListCell.swift */; };
		69C8B64A2A2B55A3007054A7 /* AuthViewController.swift in Sources */ = {isa = PBXBuildFile; fileRef = 69C8B6492A2B55A3007054A7 /* AuthViewController.swift */; };
		69C8B64C2A2B5C74007054A7 /* WebViewViewController.swift in Sources */ = {isa = PBXBuildFile; fileRef = 69C8B64B2A2B5C74007054A7 /* WebViewViewController.swift */; };
		69CC08D12A11986200DFA673 /* ProfileViewController.swift in Sources */ = {isa = PBXBuildFile; fileRef = 69CC08D02A11986200DFA673 /* ProfileViewController.swift */; };
		69D2766729FA7E5D004565A1 /* AppDelegate.swift in Sources */ = {isa = PBXBuildFile; fileRef = 69D2766629FA7E5D004565A1 /* AppDelegate.swift */; };
		69D2766929FA7E5D004565A1 /* SceneDelegate.swift in Sources */ = {isa = PBXBuildFile; fileRef = 69D2766829FA7E5D004565A1 /* SceneDelegate.swift */; };
		69D2766B29FA7E5D004565A1 /* ImagesListViewController.swift in Sources */ = {isa = PBXBuildFile; fileRef = 69D2766A29FA7E5D004565A1 /* ImagesListViewController.swift */; };
		69D2766E29FA7E5D004565A1 /* Main.storyboard in Resources */ = {isa = PBXBuildFile; fileRef = 69D2766C29FA7E5D004565A1 /* Main.storyboard */; };
		69D2767029FA7E5E004565A1 /* Assets.xcassets in Resources */ = {isa = PBXBuildFile; fileRef = 69D2766F29FA7E5E004565A1 /* Assets.xcassets */; };
		69D2767329FA7E5E004565A1 /* LaunchScreen.storyboard in Resources */ = {isa = PBXBuildFile; fileRef = 69D2767129FA7E5E004565A1 /* LaunchScreen.storyboard */; };
		69E8AA1A2A48F02000065823 /* ProgressHUD in Frameworks */ = {isa = PBXBuildFile; productRef = 69E8AA192A48F02000065823 /* ProgressHUD */; };
		69E8AA1C2A4B9B6500065823 /* UIBlockingProgressHUD.swift in Sources */ = {isa = PBXBuildFile; fileRef = 69E8AA1B2A4B9B6500065823 /* UIBlockingProgressHUD.swift */; };
		69E8AA202A4B9EE000065823 /* ProfileService.swift in Sources */ = {isa = PBXBuildFile; fileRef = 69E8AA1F2A4B9EE000065823 /* ProfileService.swift */; };
		69E8AA222A4BA04200065823 /* ProfileResult.swift in Sources */ = {isa = PBXBuildFile; fileRef = 69E8AA212A4BA04200065823 /* ProfileResult.swift */; };
		69E8AA242A4BA15300065823 /* Profile.swift in Sources */ = {isa = PBXBuildFile; fileRef = 69E8AA232A4BA15300065823 /* Profile.swift */; };
		69FAC81E2A27F9DD00DC0B52 /* Constants.swift in Sources */ = {isa = PBXBuildFile; fileRef = 69FAC81D2A27F9DD00DC0B52 /* Constants.swift */; };
/* End PBXBuildFile section */

/* Begin PBXFileReference section */
		697B46D92A353E9E0097B8EA /* OAuth2TokenStorage.swift */ = {isa = PBXFileReference; lastKnownFileType = sourcecode.swift; path = OAuth2TokenStorage.swift; sourceTree = "<group>"; };
		69833B1F2A4E4024004089B4 /* ProfileImageService.swift */ = {isa = PBXFileReference; lastKnownFileType = sourcecode.swift; path = ProfileImageService.swift; sourceTree = "<group>"; };
		69833B222A4E4088004089B4 /* UserResult.swift */ = {isa = PBXFileReference; lastKnownFileType = sourcecode.swift; path = UserResult.swift; sourceTree = "<group>"; };
		69833B242A4F1B37004089B4 /* ExtansionURLSessionURLRequest.swift */ = {isa = PBXFileReference; lastKnownFileType = sourcecode.swift; path = ExtansionURLSessionURLRequest.swift; sourceTree = "<group>"; };
		69B280ED2A12E57200AD7C47 /* SingleImageViewController.swift */ = {isa = PBXFileReference; lastKnownFileType = sourcecode.swift; path = SingleImageViewController.swift; sourceTree = "<group>"; };
		69B2AFE92A2FE997002467A9 /* OAuthTokenResponseBodyAuthTokenResponseBody.swift */ = {isa = PBXFileReference; lastKnownFileType = sourcecode.swift; path = OAuthTokenResponseBodyAuthTokenResponseBody.swift; sourceTree = "<group>"; };
		69B2AFEB2A2FEA6C002467A9 /* OAuth2Service.swift */ = {isa = PBXFileReference; lastKnownFileType = sourcecode.swift; path = OAuth2Service.swift; sourceTree = "<group>"; };
		69B2AFF42A30C2CA002467A9 /* SplashViewController.swift */ = {isa = PBXFileReference; lastKnownFileType = sourcecode.swift; path = SplashViewController.swift; sourceTree = "<group>"; };
		69B9413C2A04581700E899DE /* ImagesListCell.swift */ = {isa = PBXFileReference; lastKnownFileType = sourcecode.swift; path = ImagesListCell.swift; sourceTree = "<group>"; };
		69C8B6492A2B55A3007054A7 /* AuthViewController.swift */ = {isa = PBXFileReference; lastKnownFileType = sourcecode.swift; path = AuthViewController.swift; sourceTree = "<group>"; };
		69C8B64B2A2B5C74007054A7 /* WebViewViewController.swift */ = {isa = PBXFileReference; lastKnownFileType = sourcecode.swift; path = WebViewViewController.swift; sourceTree = "<group>"; };
		69CC08D02A11986200DFA673 /* ProfileViewController.swift */ = {isa = PBXFileReference; lastKnownFileType = sourcecode.swift; path = ProfileViewController.swift; sourceTree = "<group>"; };
		69D2766329FA7E5D004565A1 /* ImageFeed.app */ = {isa = PBXFileReference; explicitFileType = wrapper.application; includeInIndex = 0; path = ImageFeed.app; sourceTree = BUILT_PRODUCTS_DIR; };
		69D2766629FA7E5D004565A1 /* AppDelegate.swift */ = {isa = PBXFileReference; lastKnownFileType = sourcecode.swift; path = AppDelegate.swift; sourceTree = "<group>"; };
		69D2766829FA7E5D004565A1 /* SceneDelegate.swift */ = {isa = PBXFileReference; lastKnownFileType = sourcecode.swift; path = SceneDelegate.swift; sourceTree = "<group>"; };
		69D2766A29FA7E5D004565A1 /* ImagesListViewController.swift */ = {isa = PBXFileReference; lastKnownFileType = sourcecode.swift; path = ImagesListViewController.swift; sourceTree = "<group>"; };
		69D2766D29FA7E5D004565A1 /* Base */ = {isa = PBXFileReference; lastKnownFileType = file.storyboard; name = Base; path = Base.lproj/Main.storyboard; sourceTree = "<group>"; };
		69D2766F29FA7E5E004565A1 /* Assets.xcassets */ = {isa = PBXFileReference; lastKnownFileType = folder.assetcatalog; path = Assets.xcassets; sourceTree = "<group>"; };
		69D2767229FA7E5E004565A1 /* Base */ = {isa = PBXFileReference; lastKnownFileType = file.storyboard; name = Base; path = Base.lproj/LaunchScreen.storyboard; sourceTree = "<group>"; };
		69D2767429FA7E5E004565A1 /* Info.plist */ = {isa = PBXFileReference; lastKnownFileType = text.plist.xml; path = Info.plist; sourceTree = "<group>"; };
		69E8AA1B2A4B9B6500065823 /* UIBlockingProgressHUD.swift */ = {isa = PBXFileReference; lastKnownFileType = sourcecode.swift; path = UIBlockingProgressHUD.swift; sourceTree = "<group>"; };
		69E8AA1F2A4B9EE000065823 /* ProfileService.swift */ = {isa = PBXFileReference; lastKnownFileType = sourcecode.swift; path = ProfileService.swift; sourceTree = "<group>"; };
		69E8AA212A4BA04200065823 /* ProfileResult.swift */ = {isa = PBXFileReference; lastKnownFileType = sourcecode.swift; path = ProfileResult.swift; sourceTree = "<group>"; };
		69E8AA232A4BA15300065823 /* Profile.swift */ = {isa = PBXFileReference; lastKnownFileType = sourcecode.swift; path = Profile.swift; sourceTree = "<group>"; };
		69FAC81D2A27F9DD00DC0B52 /* Constants.swift */ = {isa = PBXFileReference; lastKnownFileType = sourcecode.swift; path = Constants.swift; sourceTree = "<group>"; };
/* End PBXFileReference section */

/* Begin PBXFrameworksBuildPhase section */
		69D2766029FA7E5D004565A1 /* Frameworks */ = {
			isa = PBXFrameworksBuildPhase;
			buildActionMask = 2147483647;
			files = (
				69E8AA1A2A48F02000065823 /* ProgressHUD in Frameworks */,
			);
			runOnlyForDeploymentPostprocessing = 0;
		};
/* End PBXFrameworksBuildPhase section */

/* Begin PBXGroup section */
		69833B212A4E4029004089B4 /* ProfileImageService */ = {
			isa = PBXGroup;
			children = (
				69833B1F2A4E4024004089B4 /* ProfileImageService.swift */,
				69833B222A4E4088004089B4 /* UserResult.swift */,
			);
			path = ProfileImageService;
			sourceTree = "<group>";
		};
		69B280EF2A12F19800AD7C47 /* SingleImage */ = {
			isa = PBXGroup;
			children = (
				69B280ED2A12E57200AD7C47 /* SingleImageViewController.swift */,
			);
			path = SingleImage;
			sourceTree = "<group>";
		};
		69B2AFED2A2FF071002467A9 /* Service */ = {
			isa = PBXGroup;
			children = (
				69833B212A4E4029004089B4 /* ProfileImageService */,
				69E8AA1E2A4B9EB100065823 /* ProfileService */,
				69E8AA1D2A4B9E9400065823 /* AuthorizationService */,
				69FAC81D2A27F9DD00DC0B52 /* Constants.swift */,
				69833B242A4F1B37004089B4 /* ExtansionURLSessionURLRequest.swift */,
			);
			path = Service;
			sourceTree = "<group>";
		};
		69B9413E2A04584C00E899DE /* ImagesList */ = {
			isa = PBXGroup;
			children = (
				69D2766A29FA7E5D004565A1 /* ImagesListViewController.swift */,
				69B9413C2A04581700E899DE /* ImagesListCell.swift */,
			);
			path = ImagesList;
			sourceTree = "<group>";
		};
		69C8B6482A2B5586007054A7 /* Auth */ = {
			isa = PBXGroup;
			children = (
				69C8B6492A2B55A3007054A7 /* AuthViewController.swift */,
				69C8B64B2A2B5C74007054A7 /* WebViewViewController.swift */,
			);
			path = Auth;
			sourceTree = "<group>";
		};
		69CC08D22A11A72200DFA673 /* Profile */ = {
			isa = PBXGroup;
			children = (
				69CC08D02A11986200DFA673 /* ProfileViewController.swift */,
			);
			path = Profile;
			sourceTree = "<group>";
		};
		69D2765A29FA7E5D004565A1 = {
			isa = PBXGroup;
			children = (
				69D2766529FA7E5D004565A1 /* ImageFeed */,
				69D2766429FA7E5D004565A1 /* Products */,
			);
			sourceTree = "<group>";
		};
		69D2766429FA7E5D004565A1 /* Products */ = {
			isa = PBXGroup;
			children = (
				69D2766329FA7E5D004565A1 /* ImageFeed.app */,
			);
			name = Products;
			sourceTree = "<group>";
		};
		69D2766529FA7E5D004565A1 /* ImageFeed */ = {
			isa = PBXGroup;
			children = (
				69D2766629FA7E5D004565A1 /* AppDelegate.swift */,
				69D2766829FA7E5D004565A1 /* SceneDelegate.swift */,
				69E8AA1B2A4B9B6500065823 /* UIBlockingProgressHUD.swift */,
				69B2AFF42A30C2CA002467A9 /* SplashViewController.swift */,
				69B2AFED2A2FF071002467A9 /* Service */,
				69C8B6482A2B5586007054A7 /* Auth */,
				69B9413E2A04584C00E899DE /* ImagesList */,
				69CC08D22A11A72200DFA673 /* Profile */,
				69B280EF2A12F19800AD7C47 /* SingleImage */,
				69D2766C29FA7E5D004565A1 /* Main.storyboard */,
				69D2766F29FA7E5E004565A1 /* Assets.xcassets */,
				69D2767129FA7E5E004565A1 /* LaunchScreen.storyboard */,
				69D2767429FA7E5E004565A1 /* Info.plist */,
			);
			path = ImageFeed;
			sourceTree = "<group>";
		};
		69E8AA1D2A4B9E9400065823 /* AuthorizationService */ = {
			isa = PBXGroup;
			children = (
				697B46D92A353E9E0097B8EA /* OAuth2TokenStorage.swift */,
				69B2AFEB2A2FEA6C002467A9 /* OAuth2Service.swift */,
				69B2AFE92A2FE997002467A9 /* OAuthTokenResponseBodyAuthTokenResponseBody.swift */,
			);
			path = AuthorizationService;
			sourceTree = "<group>";
		};
		69E8AA1E2A4B9EB100065823 /* ProfileService */ = {
			isa = PBXGroup;
			children = (
				69E8AA1F2A4B9EE000065823 /* ProfileService.swift */,
				69E8AA212A4BA04200065823 /* ProfileResult.swift */,
				69E8AA232A4BA15300065823 /* Profile.swift */,
			);
			path = ProfileService;
			sourceTree = "<group>";
		};
/* End PBXGroup section */

/* Begin PBXNativeTarget section */
		69D2766229FA7E5D004565A1 /* ImageFeed */ = {
			isa = PBXNativeTarget;
			buildConfigurationList = 69D2767729FA7E5E004565A1 /* Build configuration list for PBXNativeTarget "ImageFeed" */;
			buildPhases = (
				69D2765F29FA7E5D004565A1 /* Sources */,
				69D2766029FA7E5D004565A1 /* Frameworks */,
				69D2766129FA7E5D004565A1 /* Resources */,
			);
			buildRules = (
			);
			dependencies = (
			);
			name = ImageFeed;
			packageProductDependencies = (
				69E8AA192A48F02000065823 /* ProgressHUD */,
			);
			productName = ImageFeed;
			productReference = 69D2766329FA7E5D004565A1 /* ImageFeed.app */;
			productType = "com.apple.product-type.application";
		};
/* End PBXNativeTarget section */

/* Begin PBXProject section */
		69D2765B29FA7E5D004565A1 /* Project object */ = {
			isa = PBXProject;
			attributes = {
				BuildIndependentTargetsInParallel = 1;
				LastSwiftUpdateCheck = 1430;
				LastUpgradeCheck = 1430;
				TargetAttributes = {
					69D2766229FA7E5D004565A1 = {
						CreatedOnToolsVersion = 14.3;
					};
				};
			};
			buildConfigurationList = 69D2765E29FA7E5D004565A1 /* Build configuration list for PBXProject "ImageFeed" */;
			compatibilityVersion = "Xcode 14.0";
			developmentRegion = en;
			hasScannedForEncodings = 0;
			knownRegions = (
				en,
				Base,
			);
			mainGroup = 69D2765A29FA7E5D004565A1;
			packageReferences = (
				69E8AA182A48F02000065823 /* XCRemoteSwiftPackageReference "ProgressHUD" */,
			);
			productRefGroup = 69D2766429FA7E5D004565A1 /* Products */;
			projectDirPath = "";
			projectRoot = "";
			targets = (
				69D2766229FA7E5D004565A1 /* ImageFeed */,
			);
		};
/* End PBXProject section */

/* Begin PBXResourcesBuildPhase section */
		69D2766129FA7E5D004565A1 /* Resources */ = {
			isa = PBXResourcesBuildPhase;
			buildActionMask = 2147483647;
			files = (
				69D2767329FA7E5E004565A1 /* LaunchScreen.storyboard in Resources */,
				69D2767029FA7E5E004565A1 /* Assets.xcassets in Resources */,
				69D2766E29FA7E5D004565A1 /* Main.storyboard in Resources */,
			);
			runOnlyForDeploymentPostprocessing = 0;
		};
/* End PBXResourcesBuildPhase section */

/* Begin PBXSourcesBuildPhase section */
		69D2765F29FA7E5D004565A1 /* Sources */ = {
			isa = PBXSourcesBuildPhase;
			buildActionMask = 2147483647;
			files = (
				69E8AA242A4BA15300065823 /* Profile.swift in Sources */,
				69D2766B29FA7E5D004565A1 /* ImagesListViewController.swift in Sources */,
				69B2AFEA2A2FE997002467A9 /* OAuthTokenResponseBodyAuthTokenResponseBody.swift in Sources */,
				69D2766729FA7E5D004565A1 /* AppDelegate.swift in Sources */,
				69CC08D12A11986200DFA673 /* ProfileViewController.swift in Sources */,
				69B2AFF52A30C2CA002467A9 /* SplashViewController.swift in Sources */,
				69833B252A4F1B37004089B4 /* ExtansionURLSessionURLRequest.swift in Sources */,
				69B2AFEC2A2FEA6C002467A9 /* OAuth2Service.swift in Sources */,
				69D2766929FA7E5D004565A1 /* SceneDelegate.swift in Sources */,
				69C8B64A2A2B55A3007054A7 /* AuthViewController.swift in Sources */,
				69FAC81E2A27F9DD00DC0B52 /* Constants.swift in Sources */,
				69B280EE2A12E57200AD7C47 /* SingleImageViewController.swift in Sources */,
				69833B232A4E4088004089B4 /* UserResult.swift in Sources */,
				69C8B64C2A2B5C74007054A7 /* WebViewViewController.swift in Sources */,
				697B46DA2A353E9E0097B8EA /* OAuth2TokenStorage.swift in Sources */,
				69B9413D2A04581700E899DE /* ImagesListCell.swift in Sources */,
				69E8AA1C2A4B9B6500065823 /* UIBlockingProgressHUD.swift in Sources */,
				69833B202A4E4024004089B4 /* ProfileImageService.swift in Sources */,
				69E8AA222A4BA04200065823 /* ProfileResult.swift in Sources */,
				69E8AA202A4B9EE000065823 /* ProfileService.swift in Sources */,
			);
			runOnlyForDeploymentPostprocessing = 0;
		};
/* End PBXSourcesBuildPhase section */

/* Begin PBXVariantGroup section */
		69D2766C29FA7E5D004565A1 /* Main.storyboard */ = {
			isa = PBXVariantGroup;
			children = (
				69D2766D29FA7E5D004565A1 /* Base */,
			);
			name = Main.storyboard;
			sourceTree = "<group>";
		};
		69D2767129FA7E5E004565A1 /* LaunchScreen.storyboard */ = {
			isa = PBXVariantGroup;
			children = (
				69D2767229FA7E5E004565A1 /* Base */,
			);
			name = LaunchScreen.storyboard;
			sourceTree = "<group>";
		};
/* End PBXVariantGroup section */

/* Begin XCBuildConfiguration section */
		69D2767529FA7E5E004565A1 /* Debug */ = {
			isa = XCBuildConfiguration;
			buildSettings = {
				ALWAYS_SEARCH_USER_PATHS = NO;
				CLANG_ANALYZER_NONNULL = YES;
				CLANG_ANALYZER_NUMBER_OBJECT_CONVERSION = YES_AGGRESSIVE;
				CLANG_CXX_LANGUAGE_STANDARD = "gnu++20";
				CLANG_ENABLE_MODULES = YES;
				CLANG_ENABLE_OBJC_ARC = YES;
				CLANG_ENABLE_OBJC_WEAK = YES;
				CLANG_WARN_BLOCK_CAPTURE_AUTORELEASING = YES;
				CLANG_WARN_BOOL_CONVERSION = YES;
				CLANG_WARN_COMMA = YES;
				CLANG_WARN_CONSTANT_CONVERSION = YES;
				CLANG_WARN_DEPRECATED_OBJC_IMPLEMENTATIONS = YES;
				CLANG_WARN_DIRECT_OBJC_ISA_USAGE = YES_ERROR;
				CLANG_WARN_DOCUMENTATION_COMMENTS = YES;
				CLANG_WARN_EMPTY_BODY = YES;
				CLANG_WARN_ENUM_CONVERSION = YES;
				CLANG_WARN_INFINITE_RECURSION = YES;
				CLANG_WARN_INT_CONVERSION = YES;
				CLANG_WARN_NON_LITERAL_NULL_CONVERSION = YES;
				CLANG_WARN_OBJC_IMPLICIT_RETAIN_SELF = YES;
				CLANG_WARN_OBJC_LITERAL_CONVERSION = YES;
				CLANG_WARN_OBJC_ROOT_CLASS = YES_ERROR;
				CLANG_WARN_QUOTED_INCLUDE_IN_FRAMEWORK_HEADER = YES;
				CLANG_WARN_RANGE_LOOP_ANALYSIS = YES;
				CLANG_WARN_STRICT_PROTOTYPES = YES;
				CLANG_WARN_SUSPICIOUS_MOVE = YES;
				CLANG_WARN_UNGUARDED_AVAILABILITY = YES_AGGRESSIVE;
				CLANG_WARN_UNREACHABLE_CODE = YES;
				CLANG_WARN__DUPLICATE_METHOD_MATCH = YES;
				COPY_PHASE_STRIP = NO;
				DEBUG_INFORMATION_FORMAT = dwarf;
				ENABLE_STRICT_OBJC_MSGSEND = YES;
				ENABLE_TESTABILITY = YES;
				GCC_C_LANGUAGE_STANDARD = gnu11;
				GCC_DYNAMIC_NO_PIC = NO;
				GCC_NO_COMMON_BLOCKS = YES;
				GCC_OPTIMIZATION_LEVEL = 0;
				GCC_PREPROCESSOR_DEFINITIONS = (
					"DEBUG=1",
					"$(inherited)",
				);
				GCC_WARN_64_TO_32_BIT_CONVERSION = YES;
				GCC_WARN_ABOUT_RETURN_TYPE = YES_ERROR;
				GCC_WARN_UNDECLARED_SELECTOR = YES;
				GCC_WARN_UNINITIALIZED_AUTOS = YES_AGGRESSIVE;
				GCC_WARN_UNUSED_FUNCTION = YES;
				GCC_WARN_UNUSED_VARIABLE = YES;
				IPHONEOS_DEPLOYMENT_TARGET = 13.0;
				MTL_ENABLE_DEBUG_INFO = INCLUDE_SOURCE;
				MTL_FAST_MATH = YES;
				ONLY_ACTIVE_ARCH = YES;
				SDKROOT = iphoneos;
				SWIFT_ACTIVE_COMPILATION_CONDITIONS = DEBUG;
				SWIFT_OPTIMIZATION_LEVEL = "-Onone";
			};
			name = Debug;
		};
		69D2767629FA7E5E004565A1 /* Release */ = {
			isa = XCBuildConfiguration;
			buildSettings = {
				ALWAYS_SEARCH_USER_PATHS = NO;
				CLANG_ANALYZER_NONNULL = YES;
				CLANG_ANALYZER_NUMBER_OBJECT_CONVERSION = YES_AGGRESSIVE;
				CLANG_CXX_LANGUAGE_STANDARD = "gnu++20";
				CLANG_ENABLE_MODULES = YES;
				CLANG_ENABLE_OBJC_ARC = YES;
				CLANG_ENABLE_OBJC_WEAK = YES;
				CLANG_WARN_BLOCK_CAPTURE_AUTORELEASING = YES;
				CLANG_WARN_BOOL_CONVERSION = YES;
				CLANG_WARN_COMMA = YES;
				CLANG_WARN_CONSTANT_CONVERSION = YES;
				CLANG_WARN_DEPRECATED_OBJC_IMPLEMENTATIONS = YES;
				CLANG_WARN_DIRECT_OBJC_ISA_USAGE = YES_ERROR;
				CLANG_WARN_DOCUMENTATION_COMMENTS = YES;
				CLANG_WARN_EMPTY_BODY = YES;
				CLANG_WARN_ENUM_CONVERSION = YES;
				CLANG_WARN_INFINITE_RECURSION = YES;
				CLANG_WARN_INT_CONVERSION = YES;
				CLANG_WARN_NON_LITERAL_NULL_CONVERSION = YES;
				CLANG_WARN_OBJC_IMPLICIT_RETAIN_SELF = YES;
				CLANG_WARN_OBJC_LITERAL_CONVERSION = YES;
				CLANG_WARN_OBJC_ROOT_CLASS = YES_ERROR;
				CLANG_WARN_QUOTED_INCLUDE_IN_FRAMEWORK_HEADER = YES;
				CLANG_WARN_RANGE_LOOP_ANALYSIS = YES;
				CLANG_WARN_STRICT_PROTOTYPES = YES;
				CLANG_WARN_SUSPICIOUS_MOVE = YES;
				CLANG_WARN_UNGUARDED_AVAILABILITY = YES_AGGRESSIVE;
				CLANG_WARN_UNREACHABLE_CODE = YES;
				CLANG_WARN__DUPLICATE_METHOD_MATCH = YES;
				COPY_PHASE_STRIP = NO;
				DEBUG_INFORMATION_FORMAT = "dwarf-with-dsym";
				ENABLE_NS_ASSERTIONS = NO;
				ENABLE_STRICT_OBJC_MSGSEND = YES;
				GCC_C_LANGUAGE_STANDARD = gnu11;
				GCC_NO_COMMON_BLOCKS = YES;
				GCC_WARN_64_TO_32_BIT_CONVERSION = YES;
				GCC_WARN_ABOUT_RETURN_TYPE = YES_ERROR;
				GCC_WARN_UNDECLARED_SELECTOR = YES;
				GCC_WARN_UNINITIALIZED_AUTOS = YES_AGGRESSIVE;
				GCC_WARN_UNUSED_FUNCTION = YES;
				GCC_WARN_UNUSED_VARIABLE = YES;
				IPHONEOS_DEPLOYMENT_TARGET = 13.0;
				MTL_ENABLE_DEBUG_INFO = NO;
				MTL_FAST_MATH = YES;
				SDKROOT = iphoneos;
				SWIFT_COMPILATION_MODE = wholemodule;
				SWIFT_OPTIMIZATION_LEVEL = "-O";
				VALIDATE_PRODUCT = YES;
			};
			name = Release;
		};
		69D2767829FA7E5E004565A1 /* Debug */ = {
			isa = XCBuildConfiguration;
			buildSettings = {
				ASSETCATALOG_COMPILER_APPICON_NAME = AppIcon;
				ASSETCATALOG_COMPILER_GLOBAL_ACCENT_COLOR_NAME = AccentColor;
				CODE_SIGN_STYLE = Automatic;
				CURRENT_PROJECT_VERSION = 1;
				DEVELOPMENT_TEAM = VJUR6RTZFU;
				GENERATE_INFOPLIST_FILE = YES;
				INFOPLIST_FILE = ImageFeed/Info.plist;
				INFOPLIST_KEY_UIApplicationSupportsIndirectInputEvents = YES;
				INFOPLIST_KEY_UILaunchStoryboardName = LaunchScreen;
				INFOPLIST_KEY_UIMainStoryboardFile = Main;
				INFOPLIST_KEY_UIStatusBarStyle = UIStatusBarStyleLightContent;
				INFOPLIST_KEY_UISupportedInterfaceOrientations_iPad = "UIInterfaceOrientationPortrait UIInterfaceOrientationPortraitUpsideDown UIInterfaceOrientationLandscapeLeft UIInterfaceOrientationLandscapeRight";
				INFOPLIST_KEY_UISupportedInterfaceOrientations_iPhone = "UIInterfaceOrientationPortrait UIInterfaceOrientationLandscapeLeft UIInterfaceOrientationLandscapeRight";
				IPHONEOS_DEPLOYMENT_TARGET = 13.0;
				LD_RUNPATH_SEARCH_PATHS = (
					"$(inherited)",
					"@executable_path/Frameworks",
				);
				MARKETING_VERSION = 1.0;
				PRODUCT_BUNDLE_IDENTIFIER = ru.yandex.practicum.ImageFeed;
				PRODUCT_NAME = "$(TARGET_NAME)";
				SUPPORTED_PLATFORMS = "iphoneos iphonesimulator";
				SUPPORTS_MACCATALYST = NO;
				SUPPORTS_MAC_DESIGNED_FOR_IPHONE_IPAD = YES;
				SWIFT_EMIT_LOC_STRINGS = YES;
				SWIFT_VERSION = 5.0;
				TARGETED_DEVICE_FAMILY = 1;
			};
			name = Debug;
		};
		69D2767929FA7E5E004565A1 /* Release */ = {
			isa = XCBuildConfiguration;
			buildSettings = {
				ASSETCATALOG_COMPILER_APPICON_NAME = AppIcon;
				ASSETCATALOG_COMPILER_GLOBAL_ACCENT_COLOR_NAME = AccentColor;
				CODE_SIGN_STYLE = Automatic;
				CURRENT_PROJECT_VERSION = 1;
				DEVELOPMENT_TEAM = VJUR6RTZFU;
				GENERATE_INFOPLIST_FILE = YES;
				INFOPLIST_FILE = ImageFeed/Info.plist;
				INFOPLIST_KEY_UIApplicationSupportsIndirectInputEvents = YES;
				INFOPLIST_KEY_UILaunchStoryboardName = LaunchScreen;
				INFOPLIST_KEY_UIMainStoryboardFile = Main;
				INFOPLIST_KEY_UIStatusBarStyle = UIStatusBarStyleLightContent;
				INFOPLIST_KEY_UISupportedInterfaceOrientations_iPad = "UIInterfaceOrientationPortrait UIInterfaceOrientationPortraitUpsideDown UIInterfaceOrientationLandscapeLeft UIInterfaceOrientationLandscapeRight";
				INFOPLIST_KEY_UISupportedInterfaceOrientations_iPhone = "UIInterfaceOrientationPortrait UIInterfaceOrientationLandscapeLeft UIInterfaceOrientationLandscapeRight";
				IPHONEOS_DEPLOYMENT_TARGET = 13.0;
				LD_RUNPATH_SEARCH_PATHS = (
					"$(inherited)",
					"@executable_path/Frameworks",
				);
				MARKETING_VERSION = 1.0;
				PRODUCT_BUNDLE_IDENTIFIER = ru.yandex.practicum.ImageFeed;
				PRODUCT_NAME = "$(TARGET_NAME)";
				SUPPORTED_PLATFORMS = "iphoneos iphonesimulator";
				SUPPORTS_MACCATALYST = NO;
				SUPPORTS_MAC_DESIGNED_FOR_IPHONE_IPAD = YES;
				SWIFT_EMIT_LOC_STRINGS = YES;
				SWIFT_VERSION = 5.0;
				TARGETED_DEVICE_FAMILY = 1;
			};
			name = Release;
		};
/* End XCBuildConfiguration section */

/* Begin XCConfigurationList section */
		69D2765E29FA7E5D004565A1 /* Build configuration list for PBXProject "ImageFeed" */ = {
			isa = XCConfigurationList;
			buildConfigurations = (
				69D2767529FA7E5E004565A1 /* Debug */,
				69D2767629FA7E5E004565A1 /* Release */,
			);
			defaultConfigurationIsVisible = 0;
			defaultConfigurationName = Release;
		};
		69D2767729FA7E5E004565A1 /* Build configuration list for PBXNativeTarget "ImageFeed" */ = {
			isa = XCConfigurationList;
			buildConfigurations = (
				69D2767829FA7E5E004565A1 /* Debug */,
				69D2767929FA7E5E004565A1 /* Release */,
			);
			defaultConfigurationIsVisible = 0;
			defaultConfigurationName = Release;
		};
/* End XCConfigurationList section */

/* Begin XCRemoteSwiftPackageReference section */
		69E8AA182A48F02000065823 /* XCRemoteSwiftPackageReference "ProgressHUD" */ = {
			isa = XCRemoteSwiftPackageReference;
			repositoryURL = "https://github.com/relatedcode/ProgressHUD";
			requirement = {
				kind = upToNextMajorVersion;
				minimumVersion = 13.0.0;
			};
		};
/* End XCRemoteSwiftPackageReference section */

/* Begin XCSwiftPackageProductDependency section */
		69E8AA192A48F02000065823 /* ProgressHUD */ = {
			isa = XCSwiftPackageProductDependency;
			package = 69E8AA182A48F02000065823 /* XCRemoteSwiftPackageReference "ProgressHUD" */;
			productName = ProgressHUD;
		};
/* End XCSwiftPackageProductDependency section */
	};
	rootObject = 69D2765B29FA7E5D004565A1 /* Project object */;
}
